
Microsoft Visual Studio Solution File, Format Version 12.00
Project("{FAE04EC0-301F-11D3-BF4B-00C04F79EFBC}") = "EtcdServiceRegistryApp", "EtcdServiceRegistryApp\EtcdServiceRegistryApp.csproj", "{6EC65CA0-88E7-48D0-B6DB-DD6323707CCC}"
EndProject
Project("{FAE04EC0-301F-11D3-BF4B-00C04F79EFBC}") = "EtcdServiceRegistry", "EtcdServiceRegistry\EtcdServiceRegistry.csproj", "{F83CEF14-3029-4561-8D6A-3A1044A236D1}"
EndProject
Global
	GlobalSection(SolutionConfigurationPlatforms) = preSolution
		Debug|Any CPU = Debug|Any CPU
		Release|Any CPU = Release|Any CPU
	EndGlobalSection
	GlobalSection(ProjectConfigurationPlatforms) = postSolution
		{6EC65CA0-88E7-48D0-B6DB-DD6323707CCC}.Debug|Any CPU.ActiveCfg = Debug|Any CPU
		{6EC65CA0-88E7-48D0-B6DB-DD6323707CCC}.Debug|Any CPU.Build.0 = Debug|Any CPU
		{6EC65CA0-88E7-48D0-B6DB-DD6323707CCC}.Release|Any CPU.ActiveCfg = Release|Any CPU
		{6EC65CA0-88E7-48D0-B6DB-DD6323707CCC}.Release|Any CPU.Build.0 = Release|Any CPU
		{F83CEF14-3029-4561-8D6A-3A1044A236D1}.Debug|Any CPU.ActiveCfg = Debug|Any CPU
		{F83CEF14-3029-4561-8D6A-3A1044A236D1}.Debug|Any CPU.Build.0 = Debug|Any CPU
		{F83CEF14-3029-4561-8D6A-3A1044A236D1}.Release|Any CPU.ActiveCfg = Release|Any CPU
		{F83CEF14-3029-4561-8D6A-3A1044A236D1}.Release|Any CPU.Build.0 = Release|Any CPU
	EndGlobalSection
EndGlobal
